
Microsoft Visual Studio Solution File, Format Version 12.00
# Visual Studio 15
VisualStudioVersion = 15.0.26730.16
MinimumVisualStudioVersion = 10.0.40219.1
Project("{FAE04EC0-301F-11D3-BF4B-00C04F79EFBC}") = "MAAD", "MAAD\MAAD.csproj", "{13A45C13-3265-47B8-BC48-A553B569DF55}"
EndProject
Project("{FAE04EC0-301F-11D3-BF4B-00C04F79EFBC}") = "Assembly-CSharp", "C:\Maryyann\FALL2017\Production 2 555\MAAD\MAAD_2017.1\Builds\1107\GeneratedProjects\UWP\Assembly-CSharp\Assembly-CSharp.csproj", "{4FBF7791-66DA-4975-9F57-F49B67C6CD9F}"
EndProject
Project("{FAE04EC0-301F-11D3-BF4B-00C04F79EFBC}") = "Assembly-CSharp-firstpass", "C:\Maryyann\FALL2017\Production 2 555\MAAD\MAAD_2017.1\Builds\1107\GeneratedProjects\UWP\Assembly-CSharp-firstpass\Assembly-CSharp-firstpass.csproj", "{2034A36C-4C9F-4892-99A2-38DD9906E68E}"
EndProject
Global
	GlobalSection(SolutionConfigurationPlatforms) = preSolution
		Debug|ARM = Debug|ARM
		Debug|x64 = Debug|x64
		Debug|x86 = Debug|x86
		Master|ARM = Master|ARM
		Master|x64 = Master|x64
		Master|x86 = Master|x86
		Release|ARM = Release|ARM
		Release|x64 = Release|x64
		Release|x86 = Release|x86
	EndGlobalSection
	GlobalSection(ProjectConfigurationPlatforms) = postSolution
		{13A45C13-3265-47B8-BC48-A553B569DF55}.Debug|ARM.ActiveCfg = Debug|ARM
		{13A45C13-3265-47B8-BC48-A553B569DF55}.Debug|ARM.Build.0 = Debug|ARM
		{13A45C13-3265-47B8-BC48-A553B569DF55}.Debug|ARM.Deploy.0 = Debug|ARM
		{13A45C13-3265-47B8-BC48-A553B569DF55}.Debug|x64.ActiveCfg = Debug|x64
		{13A45C13-3265-47B8-BC48-A553B569DF55}.Debug|x64.Build.0 = Debug|x64
		{13A45C13-3265-47B8-BC48-A553B569DF55}.Debug|x64.Deploy.0 = Debug|x64
		{13A45C13-3265-47B8-BC48-A553B569DF55}.Debug|x86.ActiveCfg = Debug|x86
		{13A45C13-3265-47B8-BC48-A553B569DF55}.Debug|x86.Build.0 = Debug|x86
		{13A45C13-3265-47B8-BC48-A553B569DF55}.Debug|x86.Deploy.0 = Debug|x86
		{13A45C13-3265-47B8-BC48-A553B569DF55}.Master|ARM.ActiveCfg = Master|ARM
		{13A45C13-3265-47B8-BC48-A553B569DF55}.Master|ARM.Build.0 = Master|ARM
		{13A45C13-3265-47B8-BC48-A553B569DF55}.Master|ARM.Deploy.0 = Master|ARM
		{13A45C13-3265-47B8-BC48-A553B569DF55}.Master|x64.ActiveCfg = Master|x64
		{13A45C13-3265-47B8-BC48-A553B569DF55}.Master|x64.Build.0 = Master|x64
		{13A45C13-3265-47B8-BC48-A553B569DF55}.Master|x64.Deploy.0 = Master|x64
		{13A45C13-3265-47B8-BC48-A553B569DF55}.Master|x86.ActiveCfg = Master|x86
		{13A45C13-3265-47B8-BC48-A553B569DF55}.Master|x86.Build.0 = Master|x86
		{13A45C13-3265-47B8-BC48-A553B569DF55}.Master|x86.Deploy.0 = Master|x86
		{13A45C13-3265-47B8-BC48-A553B569DF55}.Release|ARM.ActiveCfg = Release|ARM
		{13A45C13-3265-47B8-BC48-A553B569DF55}.Release|ARM.Build.0 = Release|ARM
		{13A45C13-3265-47B8-BC48-A553B569DF55}.Release|ARM.Deploy.0 = Release|ARM
		{13A45C13-3265-47B8-BC48-A553B569DF55}.Release|x64.ActiveCfg = Release|x64
		{13A45C13-3265-47B8-BC48-A553B569DF55}.Release|x64.Build.0 = Release|x64
		{13A45C13-3265-47B8-BC48-A553B569DF55}.Release|x64.Deploy.0 = Release|x64
		{13A45C13-3265-47B8-BC48-A553B569DF55}.Release|x86.ActiveCfg = Release|x86
		{13A45C13-3265-47B8-BC48-A553B569DF55}.Release|x86.Build.0 = Release|x86
		{13A45C13-3265-47B8-BC48-A553B569DF55}.Release|x86.Deploy.0 = Release|x86
		{4FBF7791-66DA-4975-9F57-F49B67C6CD9F}.Debug|ARM.ActiveCfg = Debug|ARM
		{4FBF7791-66DA-4975-9F57-F49B67C6CD9F}.Debug|ARM.Build.0 = Debug|ARM
		{4FBF7791-66DA-4975-9F57-F49B67C6CD9F}.Debug|x64.ActiveCfg = Debug|x64
		{4FBF7791-66DA-4975-9F57-F49B67C6CD9F}.Debug|x64.Build.0 = Debug|x64
		{4FBF7791-66DA-4975-9F57-F49B67C6CD9F}.Debug|x86.ActiveCfg = Debug|x86
		{4FBF7791-66DA-4975-9F57-F49B67C6CD9F}.Debug|x86.Build.0 = Debug|x86
		{4FBF7791-66DA-4975-9F57-F49B67C6CD9F}.Master|ARM.ActiveCfg = Master|ARM
		{4FBF7791-66DA-4975-9F57-F49B67C6CD9F}.Master|ARM.Build.0 = Master|ARM
		{4FBF7791-66DA-4975-9F57-F49B67C6CD9F}.Master|x64.ActiveCfg = Master|x64
		{4FBF7791-66DA-4975-9F57-F49B67C6CD9F}.Master|x64.Build.0 = Master|x64
		{4FBF7791-66DA-4975-9F57-F49B67C6CD9F}.Master|x86.ActiveCfg = Master|x86
		{4FBF7791-66DA-4975-9F57-F49B67C6CD9F}.Master|x86.Build.0 = Master|x86
		{4FBF7791-66DA-4975-9F57-F49B67C6CD9F}.Release|ARM.ActiveCfg = Release|ARM
		{4FBF7791-66DA-4975-9F57-F49B67C6CD9F}.Release|ARM.Build.0 = Release|ARM
		{4FBF7791-66DA-4975-9F57-F49B67C6CD9F}.Release|x64.ActiveCfg = Release|x64
		{4FBF7791-66DA-4975-9F57-F49B67C6CD9F}.Release|x64.Build.0 = Release|x64
		{4FBF7791-66DA-4975-9F57-F49B67C6CD9F}.Release|x86.ActiveCfg = Release|x86
		{4FBF7791-66DA-4975-9F57-F49B67C6CD9F}.Release|x86.Build.0 = Release|x86
		{2034A36C-4C9F-4892-99A2-38DD9906E68E}.Debug|ARM.ActiveCfg = Debug|ARM
		{2034A36C-4C9F-4892-99A2-38DD9906E68E}.Debug|ARM.Build.0 = Debug|ARM
		{2034A36C-4C9F-4892-99A2-38DD9906E68E}.Debug|x64.ActiveCfg = Debug|x64
		{2034A36C-4C9F-4892-99A2-38DD9906E68E}.Debug|x64.Build.0 = Debug|x64
		{2034A36C-4C9F-4892-99A2-38DD9906E68E}.Debug|x86.ActiveCfg = Debug|x86
		{2034A36C-4C9F-4892-99A2-38DD9906E68E}.Debug|x86.Build.0 = Debug|x86
		{2034A36C-4C9F-4892-99A2-38DD9906E68E}.Master|ARM.ActiveCfg = Master|ARM
		{2034A36C-4C9F-4892-99A2-38DD9906E68E}.Master|ARM.Build.0 = Master|ARM
		{2034A36C-4C9F-4892-99A2-38DD9906E68E}.Master|x64.ActiveCfg = Master|x64
		{2034A36C-4C9F-4892-99A2-38DD9906E68E}.Master|x64.Build.0 = Master|x64
		{2034A36C-4C9F-4892-99A2-38DD9906E68E}.Master|x86.ActiveCfg = Master|x86
		{2034A36C-4C9F-4892-99A2-38DD9906E68E}.Master|x86.Build.0 = Master|x86
		{2034A36C-4C9F-4892-99A2-38DD9906E68E}.Release|ARM.ActiveCfg = Release|ARM
		{2034A36C-4C9F-4892-99A2-38DD9906E68E}.Release|ARM.Build.0 = Release|ARM
		{2034A36C-4C9F-4892-99A2-38DD9906E68E}.Release|x64.ActiveCfg = Release|x64
		{2034A36C-4C9F-4892-99A2-38DD9906E68E}.Release|x64.Build.0 = Release|x64
		{2034A36C-4C9F-4892-99A2-38DD9906E68E}.Release|x86.ActiveCfg = Release|x86
		{2034A36C-4C9F-4892-99A2-38DD9906E68E}.Release|x86.Build.0 = Release|x86
	EndGlobalSection
	GlobalSection(SolutionProperties) = preSolution
		HideSolutionNode = FALSE
	EndGlobalSection
	GlobalSection(ExtensibilityGlobals) = postSolution
		SolutionGuid = {5E845E7F-AA24-47FF-B008-9B3B8536A66B}
	EndGlobalSection
EndGlobal
