
Microsoft Visual Studio Solution File, Format Version 12.00
# Visual Studio 15
VisualStudioVersion = 15.0.26730.16
MinimumVisualStudioVersion = 10.0.40219.1
Project("{FAE04EC0-301F-11D3-BF4B-00C04F79EFBC}") = "MAAD", "MAAD\MAAD.csproj", "{13A45C13-3265-47B8-BC48-A553B569DF55}"
EndProject
Project("{FAE04EC0-301F-11D3-BF4B-00C04F79EFBC}") = "Assembly-CSharp", "C:\Maryyann\FALL2017\Production 2 555\MAAD\MAAD_2017.1\Builds\1108\GeneratedProjects\UWP\Assembly-CSharp\Assembly-CSharp.csproj", "{235136DA-8E3D-496F-B246-7F06A83B7550}"
EndProject
Project("{FAE04EC0-301F-11D3-BF4B-00C04F79EFBC}") = "Assembly-CSharp-firstpass", "C:\Maryyann\FALL2017\Production 2 555\MAAD\MAAD_2017.1\Builds\1108\GeneratedProjects\UWP\Assembly-CSharp-firstpass\Assembly-CSharp-firstpass.csproj", "{7F2CA9D2-7628-4130-BD0B-98FA2AA2BAE9}"
EndProject
Global
	GlobalSection(SolutionConfigurationPlatforms) = preSolution
		Debug|ARM = Debug|ARM
		Debug|x64 = Debug|x64
		Debug|x86 = Debug|x86
		Master|ARM = Master|ARM
		Master|x64 = Master|x64
		Master|x86 = Master|x86
		Release|ARM = Release|ARM
		Release|x64 = Release|x64
		Release|x86 = Release|x86
	EndGlobalSection
	GlobalSection(ProjectConfigurationPlatforms) = postSolution
		{13A45C13-3265-47B8-BC48-A553B569DF55}.Debug|ARM.ActiveCfg = Debug|ARM
		{13A45C13-3265-47B8-BC48-A553B569DF55}.Debug|ARM.Build.0 = Debug|ARM
		{13A45C13-3265-47B8-BC48-A553B569DF55}.Debug|ARM.Deploy.0 = Debug|ARM
		{13A45C13-3265-47B8-BC48-A553B569DF55}.Debug|x64.ActiveCfg = Debug|x64
		{13A45C13-3265-47B8-BC48-A553B569DF55}.Debug|x64.Build.0 = Debug|x64
		{13A45C13-3265-47B8-BC48-A553B569DF55}.Debug|x64.Deploy.0 = Debug|x64
		{13A45C13-3265-47B8-BC48-A553B569DF55}.Debug|x86.ActiveCfg = Debug|x86
		{13A45C13-3265-47B8-BC48-A553B569DF55}.Debug|x86.Build.0 = Debug|x86
		{13A45C13-3265-47B8-BC48-A553B569DF55}.Debug|x86.Deploy.0 = Debug|x86
		{13A45C13-3265-47B8-BC48-A553B569DF55}.Master|ARM.ActiveCfg = Master|ARM
		{13A45C13-3265-47B8-BC48-A553B569DF55}.Master|ARM.Build.0 = Master|ARM
		{13A45C13-3265-47B8-BC48-A553B569DF55}.Master|ARM.Deploy.0 = Master|ARM
		{13A45C13-3265-47B8-BC48-A553B569DF55}.Master|x64.ActiveCfg = Master|x64
		{13A45C13-3265-47B8-BC48-A553B569DF55}.Master|x64.Build.0 = Master|x64
		{13A45C13-3265-47B8-BC48-A553B569DF55}.Master|x64.Deploy.0 = Master|x64
		{13A45C13-3265-47B8-BC48-A553B569DF55}.Master|x86.ActiveCfg = Master|x86
		{13A45C13-3265-47B8-BC48-A553B569DF55}.Master|x86.Build.0 = Master|x86
		{13A45C13-3265-47B8-BC48-A553B569DF55}.Master|x86.Deploy.0 = Master|x86
		{13A45C13-3265-47B8-BC48-A553B569DF55}.Release|ARM.ActiveCfg = Release|ARM
		{13A45C13-3265-47B8-BC48-A553B569DF55}.Release|ARM.Build.0 = Release|ARM
		{13A45C13-3265-47B8-BC48-A553B569DF55}.Release|ARM.Deploy.0 = Release|ARM
		{13A45C13-3265-47B8-BC48-A553B569DF55}.Release|x64.ActiveCfg = Release|x64
		{13A45C13-3265-47B8-BC48-A553B569DF55}.Release|x64.Build.0 = Release|x64
		{13A45C13-3265-47B8-BC48-A553B569DF55}.Release|x64.Deploy.0 = Release|x64
		{13A45C13-3265-47B8-BC48-A553B569DF55}.Release|x86.ActiveCfg = Release|x86
		{13A45C13-3265-47B8-BC48-A553B569DF55}.Release|x86.Build.0 = Release|x86
		{13A45C13-3265-47B8-BC48-A553B569DF55}.Release|x86.Deploy.0 = Release|x86
		{235136DA-8E3D-496F-B246-7F06A83B7550}.Debug|ARM.ActiveCfg = Debug|ARM
		{235136DA-8E3D-496F-B246-7F06A83B7550}.Debug|ARM.Build.0 = Debug|ARM
		{235136DA-8E3D-496F-B246-7F06A83B7550}.Debug|x64.ActiveCfg = Debug|x64
		{235136DA-8E3D-496F-B246-7F06A83B7550}.Debug|x64.Build.0 = Debug|x64
		{235136DA-8E3D-496F-B246-7F06A83B7550}.Debug|x86.ActiveCfg = Debug|x86
		{235136DA-8E3D-496F-B246-7F06A83B7550}.Debug|x86.Build.0 = Debug|x86
		{235136DA-8E3D-496F-B246-7F06A83B7550}.Master|ARM.ActiveCfg = Master|ARM
		{235136DA-8E3D-496F-B246-7F06A83B7550}.Master|ARM.Build.0 = Master|ARM
		{235136DA-8E3D-496F-B246-7F06A83B7550}.Master|x64.ActiveCfg = Master|x64
		{235136DA-8E3D-496F-B246-7F06A83B7550}.Master|x64.Build.0 = Master|x64
		{235136DA-8E3D-496F-B246-7F06A83B7550}.Master|x86.ActiveCfg = Master|x86
		{235136DA-8E3D-496F-B246-7F06A83B7550}.Master|x86.Build.0 = Master|x86
		{235136DA-8E3D-496F-B246-7F06A83B7550}.Release|ARM.ActiveCfg = Release|ARM
		{235136DA-8E3D-496F-B246-7F06A83B7550}.Release|ARM.Build.0 = Release|ARM
		{235136DA-8E3D-496F-B246-7F06A83B7550}.Release|x64.ActiveCfg = Release|x64
		{235136DA-8E3D-496F-B246-7F06A83B7550}.Release|x64.Build.0 = Release|x64
		{235136DA-8E3D-496F-B246-7F06A83B7550}.Release|x86.ActiveCfg = Release|x86
		{235136DA-8E3D-496F-B246-7F06A83B7550}.Release|x86.Build.0 = Release|x86
		{7F2CA9D2-7628-4130-BD0B-98FA2AA2BAE9}.Debug|ARM.ActiveCfg = Debug|ARM
		{7F2CA9D2-7628-4130-BD0B-98FA2AA2BAE9}.Debug|ARM.Build.0 = Debug|ARM
		{7F2CA9D2-7628-4130-BD0B-98FA2AA2BAE9}.Debug|x64.ActiveCfg = Debug|x64
		{7F2CA9D2-7628-4130-BD0B-98FA2AA2BAE9}.Debug|x64.Build.0 = Debug|x64
		{7F2CA9D2-7628-4130-BD0B-98FA2AA2BAE9}.Debug|x86.ActiveCfg = Debug|x86
		{7F2CA9D2-7628-4130-BD0B-98FA2AA2BAE9}.Debug|x86.Build.0 = Debug|x86
		{7F2CA9D2-7628-4130-BD0B-98FA2AA2BAE9}.Master|ARM.ActiveCfg = Master|ARM
		{7F2CA9D2-7628-4130-BD0B-98FA2AA2BAE9}.Master|ARM.Build.0 = Master|ARM
		{7F2CA9D2-7628-4130-BD0B-98FA2AA2BAE9}.Master|x64.ActiveCfg = Master|x64
		{7F2CA9D2-7628-4130-BD0B-98FA2AA2BAE9}.Master|x64.Build.0 = Master|x64
		{7F2CA9D2-7628-4130-BD0B-98FA2AA2BAE9}.Master|x86.ActiveCfg = Master|x86
		{7F2CA9D2-7628-4130-BD0B-98FA2AA2BAE9}.Master|x86.Build.0 = Master|x86
		{7F2CA9D2-7628-4130-BD0B-98FA2AA2BAE9}.Release|ARM.ActiveCfg = Release|ARM
		{7F2CA9D2-7628-4130-BD0B-98FA2AA2BAE9}.Release|ARM.Build.0 = Release|ARM
		{7F2CA9D2-7628-4130-BD0B-98FA2AA2BAE9}.Release|x64.ActiveCfg = Release|x64
		{7F2CA9D2-7628-4130-BD0B-98FA2AA2BAE9}.Release|x64.Build.0 = Release|x64
		{7F2CA9D2-7628-4130-BD0B-98FA2AA2BAE9}.Release|x86.ActiveCfg = Release|x86
		{7F2CA9D2-7628-4130-BD0B-98FA2AA2BAE9}.Release|x86.Build.0 = Release|x86
	EndGlobalSection
	GlobalSection(SolutionProperties) = preSolution
		HideSolutionNode = FALSE
	EndGlobalSection
	GlobalSection(ExtensibilityGlobals) = postSolution
		SolutionGuid = {DAC193B4-24E2-4DF5-9678-B3DCCD3FF97C}
	EndGlobalSection
EndGlobal
