
Microsoft Visual Studio Solution File, Format Version 12.00
# Visual Studio 2017
Project("{FAE04EC0-301F-11D3-BF4B-00C04F79EFBC}") = "MAAD_2017.1", "MAAD_2017.1.csproj", "{3D5025FF-2EAD-B646-CFFD-9D140075B001}"
EndProject
Project("{FAE04EC0-301F-11D3-BF4B-00C04F79EFBC}") = "MAAD_2017.1.Plugins", "MAAD_2017.1.Plugins.csproj", "{44983EFD-E28A-BECE-F034-70B3CF11D4FE}"
EndProject
Project("{FAE04EC0-301F-11D3-BF4B-00C04F79EFBC}") = "MAAD_2017.1.Editor", "MAAD_2017.1.Editor.csproj", "{36689AA8-2C73-E7BF-9558-8655C7CD85BE}"
EndProject
Project("{FAE04EC0-301F-11D3-BF4B-00C04F79EFBC}") = "MAAD_2017.1.Editor.Plugins", "MAAD_2017.1.Editor.Plugins.csproj", "{EB11678F-0B8E-9644-B6C3-F77C4FFEC41A}"
EndProject
Global
	GlobalSection(SolutionConfigurationPlatforms) = preSolution
		Debug|Any CPU = Debug|Any CPU
		Release|Any CPU = Release|Any CPU
	EndGlobalSection
	GlobalSection(ProjectConfigurationPlatforms) = postSolution
		{3D5025FF-2EAD-B646-CFFD-9D140075B001}.Debug|Any CPU.ActiveCfg = Debug|Any CPU
		{3D5025FF-2EAD-B646-CFFD-9D140075B001}.Debug|Any CPU.Build.0 = Debug|Any CPU
		{3D5025FF-2EAD-B646-CFFD-9D140075B001}.Release|Any CPU.ActiveCfg = Release|Any CPU
		{3D5025FF-2EAD-B646-CFFD-9D140075B001}.Release|Any CPU.Build.0 = Release|Any CPU
		{44983EFD-E28A-BECE-F034-70B3CF11D4FE}.Debug|Any CPU.ActiveCfg = Debug|Any CPU
		{44983EFD-E28A-BECE-F034-70B3CF11D4FE}.Debug|Any CPU.Build.0 = Debug|Any CPU
		{44983EFD-E28A-BECE-F034-70B3CF11D4FE}.Release|Any CPU.ActiveCfg = Release|Any CPU
		{44983EFD-E28A-BECE-F034-70B3CF11D4FE}.Release|Any CPU.Build.0 = Release|Any CPU
		{36689AA8-2C73-E7BF-9558-8655C7CD85BE}.Debug|Any CPU.ActiveCfg = Debug|Any CPU
		{36689AA8-2C73-E7BF-9558-8655C7CD85BE}.Debug|Any CPU.Build.0 = Debug|Any CPU
		{36689AA8-2C73-E7BF-9558-8655C7CD85BE}.Release|Any CPU.ActiveCfg = Release|Any CPU
		{36689AA8-2C73-E7BF-9558-8655C7CD85BE}.Release|Any CPU.Build.0 = Release|Any CPU
		{EB11678F-0B8E-9644-B6C3-F77C4FFEC41A}.Debug|Any CPU.ActiveCfg = Debug|Any CPU
		{EB11678F-0B8E-9644-B6C3-F77C4FFEC41A}.Debug|Any CPU.Build.0 = Debug|Any CPU
		{EB11678F-0B8E-9644-B6C3-F77C4FFEC41A}.Release|Any CPU.ActiveCfg = Release|Any CPU
		{EB11678F-0B8E-9644-B6C3-F77C4FFEC41A}.Release|Any CPU.Build.0 = Release|Any CPU
	EndGlobalSection
	GlobalSection(SolutionProperties) = preSolution
		HideSolutionNode = FALSE
	EndGlobalSection
EndGlobal
